# THIS IS AN AUTOGENERATED FILE. DO NOT EDIT THIS FILE DIRECTLY.
# yarn lockfile v1


autocorrect-node-darwin-arm64@2.13.0:
  version "2.13.0"
  resolved "https://registry.yarnpkg.com/autocorrect-node-darwin-arm64/-/autocorrect-node-darwin-arm64-2.13.0.tgz#e25d8484f759596085f80a95a151c15970b4d624"
  integrity sha512-3B47P+COHXmp4mRkwhRGk+WoyNDdX5TZOFitq9aTUgs5VUqV99aFFOLAakDSlizosjnt+ov2VtOOd1yMo37/Bw==

autocorrect-node-darwin-x64@2.13.0:
  version "2.13.0"
  resolved "https://registry.yarnpkg.com/autocorrect-node-darwin-x64/-/autocorrect-node-darwin-x64-2.13.0.tgz#f77b12c6c60807bdc5d96aaa352a199dfd80de24"
  integrity sha512-IUFp8/LeEmd08+rd6L84C0pQyeAmrd4fufEguFKXkrKTKn0svMj+NHNXA6OLWIriYHB3mjUMx1pMay4yp01zqA==

autocorrect-node-linux-x64-gnu@2.13.0:
  version "2.13.0"
  resolved "https://registry.yarnpkg.com/autocorrect-node-linux-x64-gnu/-/autocorrect-node-linux-x64-gnu-2.13.0.tgz#2e31a30b38e98c8364cee8c7edccd7fc2c83ad11"
  integrity sha512-66yn5IMGrlejJZz0GVmFlTx5KZMlpFeFIwpwBa5TrW9s1n1zp5yuMQPcw/tQ5eP/tl9N1H+kJGQLTpcuguoNJQ==

autocorrect-node-linux-x64-musl@2.13.0:
  version "2.13.0"
  resolved "https://registry.yarnpkg.com/autocorrect-node-linux-x64-musl/-/autocorrect-node-linux-x64-musl-2.13.0.tgz#4aed2030532180fef0d1e6a63d3bf039240d49aa"
  integrity sha512-Z+S7oiU/rolDOLupj7Ou1LDLgXjur03YedZ0yQfyLxzVO+b5Q1087jkJp/zAkwknqb3ZfhxLZRHe78OMYLPhOg==

autocorrect-node-win32-x64-msvc@2.13.0:
  version "2.13.0"
  resolved "https://registry.yarnpkg.com/autocorrect-node-win32-x64-msvc/-/autocorrect-node-win32-x64-msvc-2.13.0.tgz#149450ebcf4a19f418744c3bd5c48ac0532121e1"
  integrity sha512-eZr8zhLQSggRAAzHVg2sm0D/bFAUyxwS0cBf/UkJUML+YdHGAi3mvSsEsBMDT/oA6eWfOjf9HAa6RzKON3u+LQ==

autocorrect-node@^2.13.0:
  version "2.13.0"
  resolved "https://registry.yarnpkg.com/autocorrect-node/-/autocorrect-node-2.13.0.tgz#068aa373fa9e48cc35e87a44dee0cfb43a428fe8"
  integrity sha512-jZOVp3JA1YEd/YX0u33XuOG5t4C7QAKkxo+V/f2BEEHvTRxDLFBnVeDewcdOI+Kw8xb1Dfm+rgOuVYpE7tbcGw==
  optionalDependencies:
    autocorrect-node-darwin-arm64 "2.13.0"
    autocorrect-node-darwin-x64 "2.13.0"
    autocorrect-node-linux-x64-gnu "2.13.0"
    autocorrect-node-linux-x64-musl "2.13.0"
    autocorrect-node-win32-x64-msvc "2.13.0"
